
Microsoft Visual Studio Solution File, Format Version 12.00
# Visual Studio 14
VisualStudioVersion = 14.0.25420.1
MinimumVisualStudioVersion = 10.0.40219.1
Project("{8BC9CEB8-8B4A-11D0-8D11-00A0C91BC942}") = "netProject", "netProject\netProject.vcxproj", "{A1638A17-C74E-44CA-9062-E5C57B4AD9D3}"
EndProject
Project("{8BC9CEB8-8B4A-11D0-8D11-00A0C91BC942}") = "EasyTcpClient", "EasyTcpClient\EasyTcpClient.vcxproj", "{8A93ED96-37CA-4B46-9979-8BC528384B84}"
EndProject
Project("{8BC9CEB8-8B4A-11D0-8D11-00A0C91BC942}") = "EasyTcpServer", "EasyTcpServer\EasyTcpServer.vcxproj", "{18E84BD2-DF7A-4440-A612-26C4DB66815E}"
EndProject
Project("{8BC9CEB8-8B4A-11D0-8D11-00A0C91BC942}") = "HelloMemory", "HelloMemory\HelloMemory.vcxproj", "{1F86413A-22F5-4CAD-82EB-64993ED6DF8E}"
EndProject
Global
	GlobalSection(SolutionConfigurationPlatforms) = preSolution
		Debug|x64 = Debug|x64
		Debug|x86 = Debug|x86
		Release|x64 = Release|x64
		Release|x86 = Release|x86
	EndGlobalSection
	GlobalSection(ProjectConfigurationPlatforms) = postSolution
		{A1638A17-C74E-44CA-9062-E5C57B4AD9D3}.Debug|x64.ActiveCfg = Debug|x64
		{A1638A17-C74E-44CA-9062-E5C57B4AD9D3}.Debug|x64.Build.0 = Debug|x64
		{A1638A17-C74E-44CA-9062-E5C57B4AD9D3}.Debug|x86.ActiveCfg = Debug|Win32
		{A1638A17-C74E-44CA-9062-E5C57B4AD9D3}.Debug|x86.Build.0 = Debug|Win32
		{A1638A17-C74E-44CA-9062-E5C57B4AD9D3}.Release|x64.ActiveCfg = Release|x64
		{A1638A17-C74E-44CA-9062-E5C57B4AD9D3}.Release|x64.Build.0 = Release|x64
		{A1638A17-C74E-44CA-9062-E5C57B4AD9D3}.Release|x86.ActiveCfg = Release|Win32
		{A1638A17-C74E-44CA-9062-E5C57B4AD9D3}.Release|x86.Build.0 = Release|Win32
		{8A93ED96-37CA-4B46-9979-8BC528384B84}.Debug|x64.ActiveCfg = Debug|x64
		{8A93ED96-37CA-4B46-9979-8BC528384B84}.Debug|x64.Build.0 = Debug|x64
		{8A93ED96-37CA-4B46-9979-8BC528384B84}.Debug|x86.ActiveCfg = Debug|Win32
		{8A93ED96-37CA-4B46-9979-8BC528384B84}.Debug|x86.Build.0 = Debug|Win32
		{8A93ED96-37CA-4B46-9979-8BC528384B84}.Release|x64.ActiveCfg = Release|x64
		{8A93ED96-37CA-4B46-9979-8BC528384B84}.Release|x64.Build.0 = Release|x64
		{8A93ED96-37CA-4B46-9979-8BC528384B84}.Release|x86.ActiveCfg = Release|Win32
		{8A93ED96-37CA-4B46-9979-8BC528384B84}.Release|x86.Build.0 = Release|Win32
		{18E84BD2-DF7A-4440-A612-26C4DB66815E}.Debug|x64.ActiveCfg = Debug|x64
		{18E84BD2-DF7A-4440-A612-26C4DB66815E}.Debug|x64.Build.0 = Debug|x64
		{18E84BD2-DF7A-4440-A612-26C4DB66815E}.Debug|x86.ActiveCfg = Debug|Win32
		{18E84BD2-DF7A-4440-A612-26C4DB66815E}.Debug|x86.Build.0 = Debug|Win32
		{18E84BD2-DF7A-4440-A612-26C4DB66815E}.Release|x64.ActiveCfg = Release|x64
		{18E84BD2-DF7A-4440-A612-26C4DB66815E}.Release|x64.Build.0 = Release|x64
		{18E84BD2-DF7A-4440-A612-26C4DB66815E}.Release|x86.ActiveCfg = Release|Win32
		{18E84BD2-DF7A-4440-A612-26C4DB66815E}.Release|x86.Build.0 = Release|Win32
		{1F86413A-22F5-4CAD-82EB-64993ED6DF8E}.Debug|x64.ActiveCfg = Debug|x64
		{1F86413A-22F5-4CAD-82EB-64993ED6DF8E}.Debug|x64.Build.0 = Debug|x64
		{1F86413A-22F5-4CAD-82EB-64993ED6DF8E}.Debug|x86.ActiveCfg = Debug|Win32
		{1F86413A-22F5-4CAD-82EB-64993ED6DF8E}.Debug|x86.Build.0 = Debug|Win32
		{1F86413A-22F5-4CAD-82EB-64993ED6DF8E}.Release|x64.ActiveCfg = Release|x64
		{1F86413A-22F5-4CAD-82EB-64993ED6DF8E}.Release|x64.Build.0 = Release|x64
		{1F86413A-22F5-4CAD-82EB-64993ED6DF8E}.Release|x86.ActiveCfg = Release|Win32
		{1F86413A-22F5-4CAD-82EB-64993ED6DF8E}.Release|x86.Build.0 = Release|Win32
	EndGlobalSection
	GlobalSection(SolutionProperties) = preSolution
		HideSolutionNode = FALSE
	EndGlobalSection
EndGlobal
